
Microsoft Visual Studio Solution File, Format Version 12.00
Project("{FAE04EC0-301F-11D3-BF4B-00C04F79EFBC}") = "Tibuon", "Tibuon\Tibuon.csproj", "{E538CC12-B5F6-4649-A242-04CE2A2F8FA4}"
EndProject
Project("{FAE04EC0-301F-11D3-BF4B-00C04F79EFBC}") = "Database", "Database\Database.csproj", "{09F86D6B-E543-4819-BB6A-57E0043D6E9E}"
EndProject
Global
	GlobalSection(SolutionConfigurationPlatforms) = preSolution
		Debug|Any CPU = Debug|Any CPU
		Release|Any CPU = Release|Any CPU
	EndGlobalSection
	GlobalSection(ProjectConfigurationPlatforms) = postSolution
		{E538CC12-B5F6-4649-A242-04CE2A2F8FA4}.Debug|Any CPU.ActiveCfg = Debug|Any CPU
		{E538CC12-B5F6-4649-A242-04CE2A2F8FA4}.Debug|Any CPU.Build.0 = Debug|Any CPU
		{E538CC12-B5F6-4649-A242-04CE2A2F8FA4}.Release|Any CPU.ActiveCfg = Release|Any CPU
		{E538CC12-B5F6-4649-A242-04CE2A2F8FA4}.Release|Any CPU.Build.0 = Release|Any CPU
		{09F86D6B-E543-4819-BB6A-57E0043D6E9E}.Debug|Any CPU.ActiveCfg = Debug|Any CPU
		{09F86D6B-E543-4819-BB6A-57E0043D6E9E}.Debug|Any CPU.Build.0 = Debug|Any CPU
		{09F86D6B-E543-4819-BB6A-57E0043D6E9E}.Release|Any CPU.ActiveCfg = Release|Any CPU
		{09F86D6B-E543-4819-BB6A-57E0043D6E9E}.Release|Any CPU.Build.0 = Release|Any CPU
	EndGlobalSection
EndGlobal
